<?xml version="1.0" encoding="utf-8"?>
<Project ToolsVersion="4.0" xmlns="http://schemas.microsoft.com/developer/msbuild/2003">
  <ItemGroup>
    <Filter Include="Source Files">
      <UniqueIdentifier>{4FC737F1-C7A5-4376-A066-2A32D752A2FF}</UniqueIdentifier>
      <Extensions>cpp;c;cc;cxx;def;odl;idl;hpj;bat;asm;asmx</Extensions>
    </Filter>
    <Filter Include="Header Files">
      <UniqueIdentifier>{93995380-89BD-4b04-88EB-625FBE52EBFB}</UniqueIdentifier>
      <Extensions>h;hh;hpp;hxx;hm;inl;inc;xsd</Extensions>
    </Filter>
    <Filter Include="Resource Files">
      <UniqueIdentifier>{D9D6E242-F8AF-46E4-B9FD-80ECBC20BA3E}</UniqueIdentifier>
      <Extensions>qrc;*</Extensions>
      <ParseFiles>false</ParseFiles>
    </Filter>
    <Filter Include="Form Files">
      <UniqueIdentifier>{99349809-55BA-4b9d-BF79-8FDBB0286EB3}</UniqueIdentifier>
      <Extensions>ui</Extensions>
    </Filter>
    <Filter Include="Resource Files">
      <UniqueIdentifier>{D9D6E242-F8AF-46E4-B9FD-80ECBC20BA3E}</UniqueIdentifier>
      <Extensions>qrc;*</Extensions>
      <ParseFiles>false</ParseFiles>
    </Filter>
    <Filter Include="Generated Files">
      <UniqueIdentifier>{71ED8ED8-ACB9-4CE9-BBE1-E00B30144E11}</UniqueIdentifier>
      <Extensions>moc;h;cpp</Extensions>
      <SourceControlFiles>False</SourceControlFiles>
    </Filter>
    <Filter Include="Generated Files\Debug">
      <UniqueIdentifier>{980025f3-7380-4616-928a-afe593c3aee4}</UniqueIdentifier>
      <Extensions>cpp;moc</Extensions>
      <SourceControlFiles>False</SourceControlFiles>
    </Filter>
    <Filter Include="Generated Files\Release">
      <UniqueIdentifier>{afb1c0c4-685f-4a6e-86d1-570caefd036b}</UniqueIdentifier>
      <Extensions>cpp;moc</Extensions>
      <SourceControlFiles>False</SourceControlFiles>
    </Filter>
    <Filter Include="cppClass">
      <UniqueIdentifier>{c053b855-b2c6-4a18-93c7-bdeaa2a1b912}</UniqueIdentifier>
    </Filter>
    <Filter Include="animals">
      <UniqueIdentifier>{cb9c1ca6-803b-435a-b540-2822868fbf1a}</UniqueIdentifier>
    </Filter>
    <Filter Include="Goods">
      <UniqueIdentifier>{4b518057-b4d7-4f38-8b27-c9e81f5b45b6}</UniqueIdentifier>
    </Filter>
  </ItemGroup>
  <ItemGroup>
    <ClCompile Include="main.cpp">
      <Filter>Source Files</Filter>
    </ClCompile>
    <ClCompile Include="QtGuiApplication8.cpp">
      <Filter>Source Files</Filter>
    </ClCompile>
    <ClCompile Include="GeneratedFiles\Debug\moc_QtGuiApplication8.cpp">
      <Filter>Generated Files\Debug</Filter>
    </ClCompile>
    <ClCompile Include="GeneratedFiles\Release\moc_QtGuiApplication8.cpp">
      <Filter>Generated Files\Release</Filter>
    </ClCompile>
    <ClCompile Include="GeneratedFiles\qrc_QtGuiApplication8.cpp">
      <Filter>Generated Files</Filter>
    </ClCompile>
    <ClCompile Include="regi.cpp">
      <Filter>Source Files</Filter>
    </ClCompile>
    <ClCompile Include="animal.cpp">
      <Filter>cppClass</Filter>
    </ClCompile>
    <ClCompile Include="master.cpp">
      <Filter>cppClass</Filter>
    </ClCompile>
    <ClCompile Include="people.cpp">
      <Filter>cppClass</Filter>
    </ClCompile>
    <ClCompile Include="staff.cpp">
      <Filter>cppClass</Filter>
    </ClCompile>
    <ClCompile Include="tourist.cpp">
      <Filter>cppClass</Filter>
    </ClCompile>
    <ClCompile Include="Zoo.cpp">
      <Filter>cppClass</Filter>
    </ClCompile>
    <ClCompile Include="tiger.cpp">
      <Filter>animals</Filter>
    </ClCompile>
    <ClCompile Include="GeneratedFiles\Debug\moc_regi.cpp">
      <Filter>Generated Files\Debug</Filter>
    </ClCompile>
    <ClCompile Include="GeneratedFiles\Release\moc_regi.cpp">
      <Filter>Generated Files\Release</Filter>
    </ClCompile>
    <ClCompile Include="tourist_login.cpp">
      <Filter>Source Files</Filter>
    </ClCompile>
    <ClCompile Include="Cat.cpp">
      <Filter>animals</Filter>
    </ClCompile>
    <ClCompile Include="Crocodile.cpp">
      <Filter>animals</Filter>
    </ClCompile>
    <ClCompile Include="Dog.cpp">
      <Filter>animals</Filter>
    </ClCompile>
    <ClCompile Include="Eagle.cpp">
      <Filter>animals</Filter>
    </ClCompile>
    <ClCompile Include="Swallow.cpp">
      <Filter>animals</Filter>
    </ClCompile>
    <ClCompile Include="Mouse.cpp">
      <Filter>animals</Filter>
    </ClCompile>
    <ClCompile Include="Leopard.cpp">
      <Filter>animals</Filter>
    </ClCompile>
    <ClCompile Include="Lion.cpp">
      <Filter>animals</Filter>
    </ClCompile>
    <ClCompile Include="Rabit.cpp">
      <Filter>animals</Filter>
    </ClCompile>
    <ClCompile Include="GeneratedFiles\Debug\moc_tourist_login.cpp">
      <Filter>Generated Files\Debug</Filter>
    </ClCompile>
    <ClCompile Include="GeneratedFiles\Release\moc_tourist_login.cpp">
      <Filter>Generated Files\Release</Filter>
    </ClCompile>
    <ClCompile Include="master_login.cpp">
      <Filter>Source Files</Filter>
    </ClCompile>
    <ClCompile Include="GeneratedFiles\Debug\moc_master_login.cpp">
      <Filter>Generated Files\Debug</Filter>
    </ClCompile>
    <ClCompile Include="GeneratedFiles\Release\moc_master_login.cpp">
      <Filter>Generated Files\Release</Filter>
    </ClCompile>
    <ClCompile Include="pencil.cpp">
      <Filter>Goods</Filter>
    </ClCompile>
    <ClCompile Include="postcard.cpp">
      <Filter>Goods</Filter>
    </ClCompile>
    <ClCompile Include="ice-cream.cpp">
      <Filter>Goods</Filter>
    </ClCompile>
    <ClCompile Include="mascot.cpp">
      <Filter>Goods</Filter>
    </ClCompile>
    <ClCompile Include="staff_login.cpp">
      <Filter>Source Files</Filter>
    </ClCompile>
    <ClCompile Include="GeneratedFiles\Debug\moc_staff_login.cpp">
      <Filter>Generated Files\Debug</Filter>
    </ClCompile>
    <ClCompile Include="GeneratedFiles\Release\moc_staff_login.cpp">
      <Filter>Generated Files\Release</Filter>
    </ClCompile>
    <ClCompile Include="sausage.cpp">
      <Filter>Goods</Filter>
    </ClCompile>
    <ClCompile Include="buy_dialog.cpp">
      <Filter>Source Files</Filter>
    </ClCompile>
    <ClCompile Include="GeneratedFiles\Debug\moc_buy_dialog.cpp">
      <Filter>Generated Files\Debug</Filter>
    </ClCompile>
    <ClCompile Include="GeneratedFiles\Release\moc_buy_dialog.cpp">
      <Filter>Generated Files\Release</Filter>
    </ClCompile>
    <ClCompile Include="message.cpp">
      <Filter>Source Files</Filter>
    </ClCompile>
    <ClCompile Include="GeneratedFiles\Debug\moc_message.cpp">
      <Filter>Generated Files\Debug</Filter>
    </ClCompile>
    <ClCompile Include="GeneratedFiles\Release\moc_message.cpp">
      <Filter>Generated Files\Release</Filter>
    </ClCompile>
    <ClCompile Include="addAnimal.cpp">
      <Filter>Source Files</Filter>
    </ClCompile>
    <ClCompile Include="GeneratedFiles\Debug\moc_addAnimal.cpp">
      <Filter>Generated Files\Debug</Filter>
    </ClCompile>
    <ClCompile Include="GeneratedFiles\Release\moc_addAnimal.cpp">
      <Filter>Generated Files\Release</Filter>
    </ClCompile>
    <ClCompile Include="distribution.cpp">
      <Filter>Source Files</Filter>
    </ClCompile>
    <ClCompile Include="GeneratedFiles\Debug\moc_distribution.cpp">
      <Filter>Generated Files\Debug</Filter>
    </ClCompile>
    <ClCompile Include="GeneratedFiles\Release\moc_distribution.cpp">
      <Filter>Generated Files\Release</Filter>
    </ClCompile>
    <ClCompile Include="addStaff.cpp">
      <Filter>Source Files</Filter>
    </ClCompile>
  </ItemGroup>
  <ItemGroup>
    <CustomBuild Include="QtGuiApplication8.h">
      <Filter>Header Files</Filter>
    </CustomBuild>
    <CustomBuild Include="QtGuiApplication8.ui">
      <Filter>Form Files</Filter>
    </CustomBuild>
    <CustomBuild Include="QtGuiApplication8.qrc">
      <Filter>Resource Files</Filter>
    </CustomBuild>
    <CustomBuild Include="untitled.ui">
      <Filter>Form Files</Filter>
    </CustomBuild>
    <CustomBuild Include="regi.h">
      <Filter>Header Files</Filter>
    </CustomBuild>
    <CustomBuild Include="tourist.ui">
      <Filter>Form Files</Filter>
    </CustomBuild>
    <CustomBuild Include="tourist_login.h">
      <Filter>Header Files</Filter>
    </CustomBuild>
    <CustomBuild Include="master_login.h">
      <Filter>Header Files</Filter>
    </CustomBuild>
    <CustomBuild Include="master.ui">
      <Filter>Form Files</Filter>
    </CustomBuild>
    <CustomBuild Include="staff.ui">
      <Filter>Form Files</Filter>
    </CustomBuild>
    <CustomBuild Include="staff_login.h">
      <Filter>Header Files</Filter>
    </CustomBuild>
    <CustomBuild Include="buy_dialog.h">
      <Filter>Header Files</Filter>
    </CustomBuild>
    <CustomBuild Include="buy.ui">
      <Filter>Form Files</Filter>
    </CustomBuild>
    <CustomBuild Include="message.h">
      <Filter>Header Files</Filter>
    </CustomBuild>
    <CustomBuild Include="message.ui">
      <Filter>Form Files</Filter>
    </CustomBuild>
    <CustomBuild Include="addAnimal.h">
      <Filter>Header Files</Filter>
    </CustomBuild>
    <CustomBuild Include="addAnimal.ui">
      <Filter>Form Files</Filter>
    </CustomBuild>
    <CustomBuild Include="distribution.h">
      <Filter>Header Files</Filter>
    </CustomBuild>
    <CustomBuild Include="distribution.ui">
      <Filter>Form Files</Filter>
    </CustomBuild>
    <CustomBuild Include="addStaff.ui">
      <Filter>Form Files</Filter>
    </CustomBuild>
  </ItemGroup>
  <ItemGroup>
    <ClInclude Include="GeneratedFiles\ui_QtGuiApplication8.h">
      <Filter>Generated Files</Filter>
    </ClInclude>
    <ClInclude Include="resource.h">
      <Filter>Header Files</Filter>
    </ClInclude>
    <ClInclude Include="GeneratedFiles\ui_untitled.h">
      <Filter>Generated Files</Filter>
    </ClInclude>
    <ClInclude Include="animal.h">
      <Filter>cppClass</Filter>
    </ClInclude>
    <ClInclude Include="master.h">
      <Filter>cppClass</Filter>
    </ClInclude>
    <ClInclude Include="people.h">
      <Filter>cppClass</Filter>
    </ClInclude>
    <ClInclude Include="staff.h">
      <Filter>cppClass</Filter>
    </ClInclude>
    <ClInclude Include="tourist.h">
      <Filter>cppClass</Filter>
    </ClInclude>
    <ClInclude Include="Zoo.h">
      <Filter>cppClass</Filter>
    </ClInclude>
    <ClInclude Include="tiger.h">
      <Filter>animals</Filter>
    </ClInclude>
    <ClInclude Include="GeneratedFiles\ui_tourist.h">
      <Filter>Generated Files</Filter>
    </ClInclude>
    <ClInclude Include="Cat.h">
      <Filter>animals</Filter>
    </ClInclude>
    <ClInclude Include="Crocodile.h">
      <Filter>animals</Filter>
    </ClInclude>
    <ClInclude Include="Dog.h">
      <Filter>animals</Filter>
    </ClInclude>
    <ClInclude Include="Leopard.h">
      <Filter>animals</Filter>
    </ClInclude>
    <ClInclude Include="Mouse.h">
      <Filter>animals</Filter>
    </ClInclude>
    <ClInclude Include="Swallow.h">
      <Filter>animals</Filter>
    </ClInclude>
    <ClInclude Include="Lion.h">
      <Filter>animals</Filter>
    </ClInclude>
    <ClInclude Include="Rabit.h">
      <Filter>animals</Filter>
    </ClInclude>
    <ClInclude Include="Eagle.h">
      <Filter>animals</Filter>
    </ClInclude>
    <ClInclude Include="getHead.h">
      <Filter>animals</Filter>
    </ClInclude>
    <ClInclude Include="GeneratedFiles\ui_master.h">
      <Filter>Generated Files</Filter>
    </ClInclude>
    <ClInclude Include="pencil.h">
      <Filter>Goods</Filter>
    </ClInclude>
    <ClInclude Include="postcard.h">
      <Filter>Goods</Filter>
    </ClInclude>
    <ClInclude Include="GeneratedFiles\ui_staff.h">
      <Filter>Generated Files</Filter>
    </ClInclude>
    <ClInclude Include="mascot.h">
      <Filter>Goods</Filter>
    </ClInclude>
    <ClInclude Include="ice-cream.h">
      <Filter>Goods</Filter>
    </ClInclude>
    <ClInclude Include="sausage.h">
      <Filter>Goods</Filter>
    </ClInclude>
    <ClInclude Include="GeneratedFiles\ui_buy.h">
      <Filter>Generated Files</Filter>
    </ClInclude>
    <ClInclude Include="GeneratedFiles\ui_message.h">
      <Filter>Generated Files</Filter>
    </ClInclude>
    <ClInclude Include="GeneratedFiles\ui_addAnimal.h">
      <Filter>Generated Files</Filter>
    </ClInclude>
    <ClInclude Include="GeneratedFiles\ui_distribution.h">
      <Filter>Generated Files</Filter>
    </ClInclude>
    <ClInclude Include="GeneratedFiles\ui_addStaff.h">
      <Filter>Generated Files</Filter>
    </ClInclude>
    <ClInclude Include="addStaff.h">
      <Filter>Header Files</Filter>
    </ClInclude>
  </ItemGroup>
  <ItemGroup>
    <ResourceCompile Include="QtGuiApplication8.rc" />
  </ItemGroup>
</Project>